
Microsoft Visual Studio Solution File, Format Version 12.00
# Visual Studio Version 17
VisualStudioVersion = 17.8.34330.188
MinimumVisualStudioVersion = 10.0.40219.1
Project("{FAE04EC0-301F-11D3-BF4B-00C04F79EFBC}") = "RunningLine", "RunningLine\RunningLine.csproj", "{362411AD-EE44-4876-9D95-C3E95B898772}"
EndProject
Global
	GlobalSection(SolutionConfigurationPlatforms) = preSolution
		Debug|Any CPU = Debug|Any CPU
		Release|Any CPU = Release|Any CPU
	EndGlobalSection
	GlobalSection(ProjectConfigurationPlatforms) = postSolution
		{362411AD-EE44-4876-9D95-C3E95B898772}.Debug|Any CPU.ActiveCfg = Debug|Any CPU
		{362411AD-EE44-4876-9D95-C3E95B898772}.Debug|Any CPU.Build.0 = Debug|Any CPU
		{362411AD-EE44-4876-9D95-C3E95B898772}.Release|Any CPU.ActiveCfg = Release|Any CPU
		{362411AD-EE44-4876-9D95-C3E95B898772}.Release|Any CPU.Build.0 = Release|Any CPU
	EndGlobalSection
	GlobalSection(SolutionProperties) = preSolution
		HideSolutionNode = FALSE
	EndGlobalSection
	GlobalSection(ExtensibilityGlobals) = postSolution
		SolutionGuid = {EBE0A43F-DAD4-43CE-BBB7-DE57B854A5C9}
	EndGlobalSection
EndGlobal
